// !$*UTF8*$!
{
	archiveVersion = 1;
	classes = {
	};
	objectVersion = 56;
	objects = {

/* Begin PBXBuildFile section */
		0D045A6E1C19342E991AE205 /* Pods_KSCCM_ACCC2023.framework in Frameworks */ = {isa = PBXBuildFile; fileRef = 4D1A395545501C41EA8987C5 /* Pods_KSCCM_ACCC2023.framework */; };
		7EA7404E29CB4A230057D905 /* AppDelegate.swift in Sources */ = {isa = PBXBuildFile; fileRef = 7EA7404D29CB4A230057D905 /* AppDelegate.swift */; };
		7EA7405029CB4A230057D905 /* SceneDelegate.swift in Sources */ = {isa = PBXBuildFile; fileRef = 7EA7404F29CB4A230057D905 /* SceneDelegate.swift */; };
		7EA7405229CB4A230057D905 /* ViewController.swift in Sources */ = {isa = PBXBuildFile; fileRef = 7EA7405129CB4A230057D905 /* ViewController.swift */; };
		7EA7405529CB4A230057D905 /* Main.storyboard in Resources */ = {isa = PBXBuildFile; fileRef = 7EA7405329CB4A230057D905 /* Main.storyboard */; };
		7EA7405729CB4A260057D905 /* Assets.xcassets in Resources */ = {isa = PBXBuildFile; fileRef = 7EA7405629CB4A260057D905 /* Assets.xcassets */; };
		7EA7405A29CB4A260057D905 /* LaunchScreen.storyboard in Resources */ = {isa = PBXBuildFile; fileRef = 7EA7405829CB4A260057D905 /* LaunchScreen.storyboard */; };
		7EA7406929CB4AA60057D905 /* QuestionSelectView.swift in Sources */ = {isa = PBXBuildFile; fileRef = 7EA7406129CB4AA30057D905 /* QuestionSelectView.swift */; };
		7EA7406A29CB4AA60057D905 /* BaseViewController.swift in Sources */ = {isa = PBXBuildFile; fileRef = 7EA7406229CB4AA30057D905 /* BaseViewController.swift */; };
		7EA7406B29CB4AA60057D905 /* MainViewController.swift in Sources */ = {isa = PBXBuildFile; fileRef = 7EA7406329CB4AA30057D905 /* MainViewController.swift */; };
		7EA7406C29CB4AA60057D905 /* SettingViewController.swift in Sources */ = {isa = PBXBuildFile; fileRef = 7EA7406429CB4AA40057D905 /* SettingViewController.swift */; };
		7EA7406D29CB4AA60057D905 /* MainBottomBannerView.swift in Sources */ = {isa = PBXBuildFile; fileRef = 7EA7406529CB4AA40057D905 /* MainBottomBannerView.swift */; };
		7EA7406E29CB4AA60057D905 /* HiddenViewController.swift in Sources */ = {isa = PBXBuildFile; fileRef = 7EA7406629CB4AA50057D905 /* HiddenViewController.swift */; };
		7EA7406F29CB4AA60057D905 /* QuestionViewController.swift in Sources */ = {isa = PBXBuildFile; fileRef = 7EA7406729CB4AA50057D905 /* QuestionViewController.swift */; };
		7EA7407029CB4AA60057D905 /* LoginViewController.swift in Sources */ = {isa = PBXBuildFile; fileRef = 7EA7406829CB4AA60057D905 /* LoginViewController.swift */; };
		7EA7407A29CB4AE30057D905 /* BarCodeView_2020s.swift in Sources */ = {isa = PBXBuildFile; fileRef = 7EA7407129CB4AE20057D905 /* BarCodeView_2020s.swift */; };
		7EA7407B29CB4AE30057D905 /* BoothEventCompleteView_2020s.swift in Sources */ = {isa = PBXBuildFile; fileRef = 7EA7407229CB4AE20057D905 /* BoothEventCompleteView_2020s.swift */; };
		7EA7407C29CB4AE30057D905 /* BoothEventViewController_2020s.swift in Sources */ = {isa = PBXBuildFile; fileRef = 7EA7407329CB4AE20057D905 /* BoothEventViewController_2020s.swift */; };
		7EA7407D29CB4AE30057D905 /* define_booth_temp.swift in Sources */ = {isa = PBXBuildFile; fileRef = 7EA7407429CB4AE20057D905 /* define_booth_temp.swift */; };
		7EA7407E29CB4AE30057D905 /* BoothEventAfterView_2020s.swift in Sources */ = {isa = PBXBuildFile; fileRef = 7EA7407529CB4AE20057D905 /* BoothEventAfterView_2020s.swift */; };
		7EA7407F29CB4AE30057D905 /* QRCodeReaderViewController_2020s.swift in Sources */ = {isa = PBXBuildFile; fileRef = 7EA7407629CB4AE20057D905 /* QRCodeReaderViewController_2020s.swift */; };
		7EA7408029CB4AE30057D905 /* BoothEvnetNoticeView.swift in Sources */ = {isa = PBXBuildFile; fileRef = 7EA7407729CB4AE20057D905 /* BoothEvnetNoticeView.swift */; };
		7EA7408129CB4AE30057D905 /* HowToBoothEventView_2020s.swift in Sources */ = {isa = PBXBuildFile; fileRef = 7EA7407829CB4AE30057D905 /* HowToBoothEventView_2020s.swift */; };
		7EA7408229CB4AE30057D905 /* Flash.swift in Sources */ = {isa = PBXBuildFile; fileRef = 7EA7407929CB4AE30057D905 /* Flash.swift */; };
		7EA7408729CB4B160057D905 /* AboutLeftTableView.swift in Sources */ = {isa = PBXBuildFile; fileRef = 7EA7408429CB4B150057D905 /* AboutLeftTableView.swift */; };
		7EA7408829CB4B160057D905 /* LeftBottomLogoView.swift in Sources */ = {isa = PBXBuildFile; fileRef = 7EA7408529CB4B150057D905 /* LeftBottomLogoView.swift */; };
		7EA7408929CB4B160057D905 /* LeftView.swift in Sources */ = {isa = PBXBuildFile; fileRef = 7EA7408629CB4B150057D905 /* LeftView.swift */; };
		7EA7409129CB4B3C0057D905 /* BottomView.swift in Sources */ = {isa = PBXBuildFile; fileRef = 7EA7408B29CB4B3C0057D905 /* BottomView.swift */; };
		7EA7409229CB4B3C0057D905 /* MainBoothEventButton.swift in Sources */ = {isa = PBXBuildFile; fileRef = 7EA7408C29CB4B3C0057D905 /* MainBoothEventButton.swift */; };
		7EA7409329CB4B3C0057D905 /* LatestNoticeView.swift in Sources */ = {isa = PBXBuildFile; fileRef = 7EA7408D29CB4B3C0057D905 /* LatestNoticeView.swift */; };
		7EA7409429CB4B3C0057D905 /* IconButton.swift in Sources */ = {isa = PBXBuildFile; fileRef = 7EA7408E29CB4B3C0057D905 /* IconButton.swift */; };
		7EA7409529CB4B3C0057D905 /* VotingViewController.swift in Sources */ = {isa = PBXBuildFile; fileRef = 7EA7408F29CB4B3C0057D905 /* VotingViewController.swift */; };
		7EA7409629CB4B3C0057D905 /* BottomSubView.swift in Sources */ = {isa = PBXBuildFile; fileRef = 7EA7409029CB4B3C0057D905 /* BottomSubView.swift */; };
		7EA740A329CB4B600057D905 /* ToastCenter.swift in Sources */ = {isa = PBXBuildFile; fileRef = 7EA7409829CB4B5F0057D905 /* ToastCenter.swift */; };
		7EA740A429CB4B600057D905 /* VersionCheck.swift in Sources */ = {isa = PBXBuildFile; fileRef = 7EA7409929CB4B5F0057D905 /* VersionCheck.swift */; };
		7EA740A529CB4B600057D905 /* Define.swift in Sources */ = {isa = PBXBuildFile; fileRef = 7EA7409A29CB4B5F0057D905 /* Define.swift */; };
		7EA740A629CB4B600057D905 /* Extension.swift in Sources */ = {isa = PBXBuildFile; fileRef = 7EA7409B29CB4B5F0057D905 /* Extension.swift */; };
		7EA740A729CB4B600057D905 /* TextInput_Extension.swift in Sources */ = {isa = PBXBuildFile; fileRef = 7EA7409C29CB4B5F0057D905 /* TextInput_Extension.swift */; };
		7EA740A829CB4B600057D905 /* Action.swift in Sources */ = {isa = PBXBuildFile; fileRef = 7EA7409D29CB4B5F0057D905 /* Action.swift */; };
		7EA740A929CB4B600057D905 /* DateCenter.swift in Sources */ = {isa = PBXBuildFile; fileRef = 7EA7409E29CB4B5F0057D905 /* DateCenter.swift */; };
		7EA740AA29CB4B600057D905 /* NotiCenter.swift in Sources */ = {isa = PBXBuildFile; fileRef = 7EA7409F29CB4B5F0057D905 /* NotiCenter.swift */; };
		7EA740AB29CB4B600057D905 /* DataExtension.swift in Sources */ = {isa = PBXBuildFile; fileRef = 7EA740A029CB4B5F0057D905 /* DataExtension.swift */; };
		7EA740AC29CB4B600057D905 /* Global.swift in Sources */ = {isa = PBXBuildFile; fileRef = 7EA740A129CB4B5F0057D905 /* Global.swift */; };
		7EA740AD29CB4B600057D905 /* Server.swift in Sources */ = {isa = PBXBuildFile; fileRef = 7EA740A229CB4B600057D905 /* Server.swift */; };
		7EA740E329CB4BE90057D905 /* PhotoCollectionViewLayout_3by3.swift in Sources */ = {isa = PBXBuildFile; fileRef = 7EA740DD29CB4BE90057D905 /* PhotoCollectionViewLayout_3by3.swift */; };
		7EA740E429CB4BE90057D905 /* PhotoListViewController_3by3.swift in Sources */ = {isa = PBXBuildFile; fileRef = 7EA740DE29CB4BE90057D905 /* PhotoListViewController_3by3.swift */; };
		7EA740E529CB4BE90057D905 /* PhotoPopUpViewController.swift in Sources */ = {isa = PBXBuildFile; fileRef = 7EA740DF29CB4BE90057D905 /* PhotoPopUpViewController.swift */; };
		7EA740E629CB4BE90057D905 /* PhotoCollectionViewLayout_LargeAndSmall.swift in Sources */ = {isa = PBXBuildFile; fileRef = 7EA740E029CB4BE90057D905 /* PhotoCollectionViewLayout_LargeAndSmall.swift */; };
		7EA740E729CB4BE90057D905 /* PhotoListViewController_LargeAndSmall.swift in Sources */ = {isa = PBXBuildFile; fileRef = 7EA740E129CB4BE90057D905 /* PhotoListViewController_LargeAndSmall.swift */; };
		7EA740E829CB4BE90057D905 /* PhotoPopUpBaseViewController.swift in Sources */ = {isa = PBXBuildFile; fileRef = 7EA740E229CB4BE90057D905 /* PhotoPopUpBaseViewController.swift */; };
		7EA740F529CB4C2F0057D905 /* PAG_NoticeButton.swift in Sources */ = {isa = PBXBuildFile; fileRef = 7EA740EB29CB4C2E0057D905 /* PAG_NoticeButton.swift */; };
		7EA740F629CB4C2F0057D905 /* showPDF.swift in Sources */ = {isa = PBXBuildFile; fileRef = 7EA740EC29CB4C2F0057D905 /* showPDF.swift */; };
		7EA740F729CB4C2F0057D905 /* PDFViewController.swift in Sources */ = {isa = PBXBuildFile; fileRef = 7EA740ED29CB4C2F0057D905 /* PDFViewController.swift */; };
		7EA740F829CB4C2F0057D905 /* WebPopUpViewController.swift in Sources */ = {isa = PBXBuildFile; fileRef = 7EA740EE29CB4C2F0057D905 /* WebPopUpViewController.swift */; };
		7EA740F929CB4C2F0057D905 /* PAGViewController.swift in Sources */ = {isa = PBXBuildFile; fileRef = 7EA740EF29CB4C2F0057D905 /* PAGViewController.swift */; };
		7EA740FA29CB4C2F0057D905 /* PAGHeaderView.swift in Sources */ = {isa = PBXBuildFile; fileRef = 7EA740F029CB4C2F0057D905 /* PAGHeaderView.swift */; };
		7EA740FB29CB4C2F0057D905 /* WebView.swift in Sources */ = {isa = PBXBuildFile; fileRef = 7EA740F129CB4C2F0057D905 /* WebView.swift */; };
		7EA740FC29CB4C2F0057D905 /* PAGView.swift in Sources */ = {isa = PBXBuildFile; fileRef = 7EA740F229CB4C2F0057D905 /* PAGView.swift */; };
		7EA740FD29CB4C2F0057D905 /* WebViewController.swift in Sources */ = {isa = PBXBuildFile; fileRef = 7EA740F329CB4C2F0057D905 /* WebViewController.swift */; };
		7EA740FE29CB4C2F0057D905 /* GlanceSubWebController.swift in Sources */ = {isa = PBXBuildFile; fileRef = 7EA740F429CB4C2F0057D905 /* GlanceSubWebController.swift */; };
		7EA7412729CB4E190057D905 /* Pretendard-ExtraLight.otf in Resources */ = {isa = PBXBuildFile; fileRef = 7EA740D129CB4BAF0057D905 /* Pretendard-ExtraLight.otf */; };
		7EA7412829CB4E190057D905 /* Roboto-ThinItalic.ttf in Resources */ = {isa = PBXBuildFile; fileRef = 7EA740C829CB4BAD0057D905 /* Roboto-ThinItalic.ttf */; };
		7EA7412929CB4E190057D905 /* NotoSansKR-Bold.otf in Resources */ = {isa = PBXBuildFile; fileRef = 7EA740BA29CB4B9B0057D905 /* NotoSansKR-Bold.otf */; };
		7EA7412A29CB4E190057D905 /* Pretendard-Medium.otf in Resources */ = {isa = PBXBuildFile; fileRef = 7EA740CF29CB4BAE0057D905 /* Pretendard-Medium.otf */; };
		7EA7412B29CB4E190057D905 /* Roboto-Thin.ttf in Resources */ = {isa = PBXBuildFile; fileRef = 7EA740C629CB4BAC0057D905 /* Roboto-Thin.ttf */; };
		7EA7412C29CB4E190057D905 /* Roboto-BoldItalic.ttf in Resources */ = {isa = PBXBuildFile; fileRef = 7EA740C029CB4BAC0057D905 /* Roboto-BoldItalic.ttf */; };
		7EA7412D29CB4E190057D905 /* OpenSans-LightItalic.ttf in Resources */ = {isa = PBXBuildFile; fileRef = 7EA740CB29CB4BAD0057D905 /* OpenSans-LightItalic.ttf */; };
		7EA7412E29CB4E190057D905 /* OpenSans-SemiBold.ttf in Resources */ = {isa = PBXBuildFile; fileRef = 7EA740C329CB4BAC0057D905 /* OpenSans-SemiBold.ttf */; };
		7EA7412F29CB4E190057D905 /* Roboto-MediumItalic.ttf in Resources */ = {isa = PBXBuildFile; fileRef = 7EA740D329CB4BAF0057D905 /* Roboto-MediumItalic.ttf */; };
		7EA7413029CB4E190057D905 /* Roboto-Regular.ttf in Resources */ = {isa = PBXBuildFile; fileRef = 7EA740CE29CB4BAE0057D905 /* Roboto-Regular.ttf */; };
		7EA7413129CB4E190057D905 /* NanumBarunGothicUltraLight.otf in Resources */ = {isa = PBXBuildFile; fileRef = 7EA740B229CB4B8E0057D905 /* NanumBarunGothicUltraLight.otf */; };
		7EA7413229CB4E190057D905 /* OpenSans-Light.ttf in Resources */ = {isa = PBXBuildFile; fileRef = 7EA740D229CB4BAF0057D905 /* OpenSans-Light.ttf */; };
		7EA7413329CB4E190057D905 /* NotoSansKR-Regular.otf in Resources */ = {isa = PBXBuildFile; fileRef = 7EA740BC29CB4B9B0057D905 /* NotoSansKR-Regular.otf */; };
		7EA7413429CB4E190057D905 /* Pretendard-Light.otf in Resources */ = {isa = PBXBuildFile; fileRef = 7EA740D429CB4BAF0057D905 /* Pretendard-Light.otf */; };
		7EA7413529CB4E190057D905 /* NanumBarunGothicLight.otf in Resources */ = {isa = PBXBuildFile; fileRef = 7EA740AF29CB4B8D0057D905 /* NanumBarunGothicLight.otf */; };
		7EA7413629CB4E190057D905 /* NotoSansKR-Light.otf in Resources */ = {isa = PBXBuildFile; fileRef = 7EA740BD29CB4B9B0057D905 /* NotoSansKR-Light.otf */; };
		7EA7413729CB4E190057D905 /* Roboto-Bold.ttf in Resources */ = {isa = PBXBuildFile; fileRef = 7EA740C729CB4BAC0057D905 /* Roboto-Bold.ttf */; };
		7EA7413829CB4E190057D905 /* Pretendard-Regular.otf in Resources */ = {isa = PBXBuildFile; fileRef = 7EA740D029CB4BAE0057D905 /* Pretendard-Regular.otf */; };
		7EA7413929CB4E190057D905 /* NanumBarunGothic.otf in Resources */ = {isa = PBXBuildFile; fileRef = 7EA740B129CB4B8E0057D905 /* NanumBarunGothic.otf */; };
		7EA7413A29CB4E190057D905 /* Roboto-LightItalic.ttf in Resources */ = {isa = PBXBuildFile; fileRef = 7EA740C229CB4BAC0057D905 /* Roboto-LightItalic.ttf */; };
		7EA7413B29CB4E190057D905 /* NotoSansKR-DemiLight.otf in Resources */ = {isa = PBXBuildFile; fileRef = 7EA740B829CB4B9A0057D905 /* NotoSansKR-DemiLight.otf */; };
		7EA7413C29CB4E190057D905 /* OpenSans-Regular.ttf in Resources */ = {isa = PBXBuildFile; fileRef = 7EA740CA29CB4BAD0057D905 /* OpenSans-Regular.ttf */; };
		7EA7413D29CB4E190057D905 /* Roboto-Medium.ttf in Resources */ = {isa = PBXBuildFile; fileRef = 7EA740C429CB4BAC0057D905 /* Roboto-Medium.ttf */; };
		7EA7413E29CB4E190057D905 /* NotoSansKR-Thin.otf in Resources */ = {isa = PBXBuildFile; fileRef = 7EA740B729CB4B9A0057D905 /* NotoSansKR-Thin.otf */; };
		7EA7413F29CB4E190057D905 /* Pretendard-SemiBold.otf in Resources */ = {isa = PBXBuildFile; fileRef = 7EA740BE29CB4BAB0057D905 /* Pretendard-SemiBold.otf */; };
		7EA7414029CB4E190057D905 /* NanumBarunGothicBold.otf in Resources */ = {isa = PBXBuildFile; fileRef = 7EA740B029CB4B8E0057D905 /* NanumBarunGothicBold.otf */; };
		7EA7414129CB4E190057D905 /* NotoSansKR-Black.otf in Resources */ = {isa = PBXBuildFile; fileRef = 7EA740BB29CB4B9B0057D905 /* NotoSansKR-Black.otf */; };
		7EA7414229CB4E190057D905 /* OpenSans-BoldItalic.ttf in Resources */ = {isa = PBXBuildFile; fileRef = 7EA740C529CB4BAC0057D905 /* OpenSans-BoldItalic.ttf */; };
		7EA7414329CB4E190057D905 /* Roboto-BlackItalic.ttf in Resources */ = {isa = PBXBuildFile; fileRef = 7EA740CD29CB4BAD0057D905 /* Roboto-BlackItalic.ttf */; };
		7EA7414429CB4E190057D905 /* Roboto-Light.ttf in Resources */ = {isa = PBXBuildFile; fileRef = 7EA740D529CB4BAF0057D905 /* Roboto-Light.ttf */; };
		7EA7414529CB4E190057D905 /* OpenSans-SemiBoldItalic.ttf in Resources */ = {isa = PBXBuildFile; fileRef = 7EA740D629CB4BB00057D905 /* OpenSans-SemiBoldItalic.ttf */; };
		7EA7414629CB4E190057D905 /* Pretendard-Bold.otf in Resources */ = {isa = PBXBuildFile; fileRef = 7EA740DA29CB4BB10057D905 /* Pretendard-Bold.otf */; };
		7EA7414729CB4E190057D905 /* OpenSans-Italic.ttf in Resources */ = {isa = PBXBuildFile; fileRef = 7EA740C129CB4BAC0057D905 /* OpenSans-Italic.ttf */; };
		7EA7414829CB4E190057D905 /* Roboto-Black.ttf in Resources */ = {isa = PBXBuildFile; fileRef = 7EA740D729CB4BB00057D905 /* Roboto-Black.ttf */; };
		7EA7414929CB4E190057D905 /* Pretendard-ExtraBold.otf in Resources */ = {isa = PBXBuildFile; fileRef = 7EA740D829CB4BB00057D905 /* Pretendard-ExtraBold.otf */; };
		7EA7414A29CB4E190057D905 /* OpenSans-ExtraBoldItalic.ttf in Resources */ = {isa = PBXBuildFile; fileRef = 7EA740BF29CB4BAB0057D905 /* OpenSans-ExtraBoldItalic.ttf */; };
		7EA7414B29CB4E190057D905 /* Pretendard-Thin.otf in Resources */ = {isa = PBXBuildFile; fileRef = 7EA740CC29CB4BAD0057D905 /* Pretendard-Thin.otf */; };
		7EA7414C29CB4E190057D905 /* OpenSans-ExtraBold.ttf in Resources */ = {isa = PBXBuildFile; fileRef = 7EA740C929CB4BAD0057D905 /* OpenSans-ExtraBold.ttf */; };
		7EA7414D29CB4E190057D905 /* NotoSansKR-Medium.otf in Resources */ = {isa = PBXBuildFile; fileRef = 7EA740B929CB4B9A0057D905 /* NotoSansKR-Medium.otf */; };
		7EA7414E29CB4E190057D905 /* OpenSans-Bold.ttf in Resources */ = {isa = PBXBuildFile; fileRef = 7EA740DB29CB4BB10057D905 /* OpenSans-Bold.ttf */; };
		7EA7414F29CB4E190057D905 /* Pretendard-Black.otf in Resources */ = {isa = PBXBuildFile; fileRef = 7EA740D929CB4BB00057D905 /* Pretendard-Black.otf */; };
		7EBF63AA29D3392100E4C72D /* GoogleService-Info.plist in Resources */ = {isa = PBXBuildFile; fileRef = 7EBF63A929D3392100E4C72D /* GoogleService-Info.plist */; };
/* End PBXBuildFile section */

/* Begin PBXFileReference section */
		4D1A395545501C41EA8987C5 /* Pods_KSCCM_ACCC2023.framework */ = {isa = PBXFileReference; explicitFileType = wrapper.framework; includeInIndex = 0; path = Pods_KSCCM_ACCC2023.framework; sourceTree = BUILT_PRODUCTS_DIR; };
		4F987ADF775C856473AFEC1E /* Pods-KSCCM_ACCC2023.debug.xcconfig */ = {isa = PBXFileReference; includeInIndex = 1; lastKnownFileType = text.xcconfig; name = "Pods-KSCCM_ACCC2023.debug.xcconfig"; path = "Target Support Files/Pods-KSCCM_ACCC2023/Pods-KSCCM_ACCC2023.debug.xcconfig"; sourceTree = "<group>"; };
		7EA7404A29CB4A230057D905 /* KSCCM_ACCC2023.app */ = {isa = PBXFileReference; explicitFileType = wrapper.application; includeInIndex = 0; path = KSCCM_ACCC2023.app; sourceTree = BUILT_PRODUCTS_DIR; };
		7EA7404D29CB4A230057D905 /* AppDelegate.swift */ = {isa = PBXFileReference; lastKnownFileType = sourcecode.swift; path = AppDelegate.swift; sourceTree = "<group>"; };
		7EA7404F29CB4A230057D905 /* SceneDelegate.swift */ = {isa = PBXFileReference; lastKnownFileType = sourcecode.swift; path = SceneDelegate.swift; sourceTree = "<group>"; };
		7EA7405129CB4A230057D905 /* ViewController.swift */ = {isa = PBXFileReference; lastKnownFileType = sourcecode.swift; path = ViewController.swift; sourceTree = "<group>"; };
		7EA7405429CB4A230057D905 /* Base */ = {isa = PBXFileReference; lastKnownFileType = file.storyboard; name = Base; path = Base.lproj/Main.storyboard; sourceTree = "<group>"; };
		7EA7405629CB4A260057D905 /* Assets.xcassets */ = {isa = PBXFileReference; lastKnownFileType = folder.assetcatalog; path = Assets.xcassets; sourceTree = "<group>"; };
		7EA7405929CB4A260057D905 /* Base */ = {isa = PBXFileReference; lastKnownFileType = file.storyboard; name = Base; path = Base.lproj/LaunchScreen.storyboard; sourceTree = "<group>"; };
		7EA7405B29CB4A260057D905 /* Info.plist */ = {isa = PBXFileReference; lastKnownFileType = text.plist.xml; path = Info.plist; sourceTree = "<group>"; };
		7EA7406129CB4AA30057D905 /* QuestionSelectView.swift */ = {isa = PBXFileReference; fileEncoding = 4; lastKnownFileType = sourcecode.swift; path = QuestionSelectView.swift; sourceTree = "<group>"; };
		7EA7406229CB4AA30057D905 /* BaseViewController.swift */ = {isa = PBXFileReference; fileEncoding = 4; lastKnownFileType = sourcecode.swift; path = BaseViewController.swift; sourceTree = "<group>"; };
		7EA7406329CB4AA30057D905 /* MainViewController.swift */ = {isa = PBXFileReference; fileEncoding = 4; lastKnownFileType = sourcecode.swift; path = MainViewController.swift; sourceTree = "<group>"; };
		7EA7406429CB4AA40057D905 /* SettingViewController.swift */ = {isa = PBXFileReference; fileEncoding = 4; lastKnownFileType = sourcecode.swift; path = SettingViewController.swift; sourceTree = "<group>"; };
		7EA7406529CB4AA40057D905 /* MainBottomBannerView.swift */ = {isa = PBXFileReference; fileEncoding = 4; lastKnownFileType = sourcecode.swift; path = MainBottomBannerView.swift; sourceTree = "<group>"; };
		7EA7406629CB4AA50057D905 /* HiddenViewController.swift */ = {isa = PBXFileReference; fileEncoding = 4; lastKnownFileType = sourcecode.swift; path = HiddenViewController.swift; sourceTree = "<group>"; };
		7EA7406729CB4AA50057D905 /* QuestionViewController.swift */ = {isa = PBXFileReference; fileEncoding = 4; lastKnownFileType = sourcecode.swift; path = QuestionViewController.swift; sourceTree = "<group>"; };
		7EA7406829CB4AA60057D905 /* LoginViewController.swift */ = {isa = PBXFileReference; fileEncoding = 4; lastKnownFileType = sourcecode.swift; path = LoginViewController.swift; sourceTree = "<group>"; };
		7EA7407129CB4AE20057D905 /* BarCodeView_2020s.swift */ = {isa = PBXFileReference; fileEncoding = 4; lastKnownFileType = sourcecode.swift; path = BarCodeView_2020s.swift; sourceTree = "<group>"; };
		7EA7407229CB4AE20057D905 /* BoothEventCompleteView_2020s.swift */ = {isa = PBXFileReference; fileEncoding = 4; lastKnownFileType = sourcecode.swift; path = BoothEventCompleteView_2020s.swift; sourceTree = "<group>"; };
		7EA7407329CB4AE20057D905 /* BoothEventViewController_2020s.swift */ = {isa = PBXFileReference; fileEncoding = 4; lastKnownFileType = sourcecode.swift; path = BoothEventViewController_2020s.swift; sourceTree = "<group>"; };
		7EA7407429CB4AE20057D905 /* define_booth_temp.swift */ = {isa = PBXFileReference; fileEncoding = 4; lastKnownFileType = sourcecode.swift; path = define_booth_temp.swift; sourceTree = "<group>"; };
		7EA7407529CB4AE20057D905 /* BoothEventAfterView_2020s.swift */ = {isa = PBXFileReference; fileEncoding = 4; lastKnownFileType = sourcecode.swift; path = BoothEventAfterView_2020s.swift; sourceTree = "<group>"; };
		7EA7407629CB4AE20057D905 /* QRCodeReaderViewController_2020s.swift */ = {isa = PBXFileReference; fileEncoding = 4; lastKnownFileType = sourcecode.swift; path = QRCodeReaderViewController_2020s.swift; sourceTree = "<group>"; };
		7EA7407729CB4AE20057D905 /* BoothEvnetNoticeView.swift */ = {isa = PBXFileReference; fileEncoding = 4; lastKnownFileType = sourcecode.swift; path = BoothEvnetNoticeView.swift; sourceTree = "<group>"; };
		7EA7407829CB4AE30057D905 /* HowToBoothEventView_2020s.swift */ = {isa = PBXFileReference; fileEncoding = 4; lastKnownFileType = sourcecode.swift; path = HowToBoothEventView_2020s.swift; sourceTree = "<group>"; };
		7EA7407929CB4AE30057D905 /* Flash.swift */ = {isa = PBXFileReference; fileEncoding = 4; lastKnownFileType = sourcecode.swift; path = Flash.swift; sourceTree = "<group>"; };
		7EA7408429CB4B150057D905 /* AboutLeftTableView.swift */ = {isa = PBXFileReference; fileEncoding = 4; lastKnownFileType = sourcecode.swift; path = AboutLeftTableView.swift; sourceTree = "<group>"; };
		7EA7408529CB4B150057D905 /* LeftBottomLogoView.swift */ = {isa = PBXFileReference; fileEncoding = 4; lastKnownFileType = sourcecode.swift; path = LeftBottomLogoView.swift; sourceTree = "<group>"; };
		7EA7408629CB4B150057D905 /* LeftView.swift */ = {isa = PBXFileReference; fileEncoding = 4; lastKnownFileType = sourcecode.swift; path = LeftView.swift; sourceTree = "<group>"; };
		7EA7408B29CB4B3C0057D905 /* BottomView.swift */ = {isa = PBXFileReference; fileEncoding = 4; lastKnownFileType = sourcecode.swift; path = BottomView.swift; sourceTree = "<group>"; };
		7EA7408C29CB4B3C0057D905 /* MainBoothEventButton.swift */ = {isa = PBXFileReference; fileEncoding = 4; lastKnownFileType = sourcecode.swift; path = MainBoothEventButton.swift; sourceTree = "<group>"; };
		7EA7408D29CB4B3C0057D905 /* LatestNoticeView.swift */ = {isa = PBXFileReference; fileEncoding = 4; lastKnownFileType = sourcecode.swift; path = LatestNoticeView.swift; sourceTree = "<group>"; };
		7EA7408E29CB4B3C0057D905 /* IconButton.swift */ = {isa = PBXFileReference; fileEncoding = 4; lastKnownFileType = sourcecode.swift; path = IconButton.swift; sourceTree = "<group>"; };
		7EA7408F29CB4B3C0057D905 /* VotingViewController.swift */ = {isa = PBXFileReference; fileEncoding = 4; lastKnownFileType = sourcecode.swift; path = VotingViewController.swift; sourceTree = "<group>"; };
		7EA7409029CB4B3C0057D905 /* BottomSubView.swift */ = {isa = PBXFileReference; fileEncoding = 4; lastKnownFileType = sourcecode.swift; path = BottomSubView.swift; sourceTree = "<group>"; };
		7EA7409829CB4B5F0057D905 /* ToastCenter.swift */ = {isa = PBXFileReference; fileEncoding = 4; lastKnownFileType = sourcecode.swift; path = ToastCenter.swift; sourceTree = "<group>"; };
		7EA7409929CB4B5F0057D905 /* VersionCheck.swift */ = {isa = PBXFileReference; fileEncoding = 4; lastKnownFileType = sourcecode.swift; path = VersionCheck.swift; sourceTree = "<group>"; };
		7EA7409A29CB4B5F0057D905 /* Define.swift */ = {isa = PBXFileReference; fileEncoding = 4; lastKnownFileType = sourcecode.swift; path = Define.swift; sourceTree = "<group>"; };
		7EA7409B29CB4B5F0057D905 /* Extension.swift */ = {isa = PBXFileReference; fileEncoding = 4; lastKnownFileType = sourcecode.swift; path = Extension.swift; sourceTree = "<group>"; };
		7EA7409C29CB4B5F0057D905 /* TextInput_Extension.swift */ = {isa = PBXFileReference; fileEncoding = 4; lastKnownFileType = sourcecode.swift; path = TextInput_Extension.swift; sourceTree = "<group>"; };
		7EA7409D29CB4B5F0057D905 /* Action.swift */ = {isa = PBXFileReference; fileEncoding = 4; lastKnownFileType = sourcecode.swift; path = Action.swift; sourceTree = "<group>"; };
		7EA7409E29CB4B5F0057D905 /* DateCenter.swift */ = {isa = PBXFileReference; fileEncoding = 4; lastKnownFileType = sourcecode.swift; path = DateCenter.swift; sourceTree = "<group>"; };
		7EA7409F29CB4B5F0057D905 /* NotiCenter.swift */ = {isa = PBXFileReference; fileEncoding = 4; lastKnownFileType = sourcecode.swift; path = NotiCenter.swift; sourceTree = "<group>"; };
		7EA740A029CB4B5F0057D905 /* DataExtension.swift */ = {isa = PBXFileReference; fileEncoding = 4; lastKnownFileType = sourcecode.swift; path = DataExtension.swift; sourceTree = "<group>"; };
		7EA740A129CB4B5F0057D905 /* Global.swift */ = {isa = PBXFileReference; fileEncoding = 4; lastKnownFileType = sourcecode.swift; path = Global.swift; sourceTree = "<group>"; };
		7EA740A229CB4B600057D905 /* Server.swift */ = {isa = PBXFileReference; fileEncoding = 4; lastKnownFileType = sourcecode.swift; path = Server.swift; sourceTree = "<group>"; };
		7EA740AF29CB4B8D0057D905 /* NanumBarunGothicLight.otf */ = {isa = PBXFileReference; lastKnownFileType = file; path = NanumBarunGothicLight.otf; sourceTree = "<group>"; };
		7EA740B029CB4B8E0057D905 /* NanumBarunGothicBold.otf */ = {isa = PBXFileReference; lastKnownFileType = file; path = NanumBarunGothicBold.otf; sourceTree = "<group>"; };
		7EA740B129CB4B8E0057D905 /* NanumBarunGothic.otf */ = {isa = PBXFileReference; lastKnownFileType = file; path = NanumBarunGothic.otf; sourceTree = "<group>"; };
		7EA740B229CB4B8E0057D905 /* NanumBarunGothicUltraLight.otf */ = {isa = PBXFileReference; lastKnownFileType = file; path = NanumBarunGothicUltraLight.otf; sourceTree = "<group>"; };
		7EA740B729CB4B9A0057D905 /* NotoSansKR-Thin.otf */ = {isa = PBXFileReference; lastKnownFileType = file; path = "NotoSansKR-Thin.otf"; sourceTree = "<group>"; };
		7EA740B829CB4B9A0057D905 /* NotoSansKR-DemiLight.otf */ = {isa = PBXFileReference; lastKnownFileType = file; path = "NotoSansKR-DemiLight.otf"; sourceTree = "<group>"; };
		7EA740B929CB4B9A0057D905 /* NotoSansKR-Medium.otf */ = {isa = PBXFileReference; lastKnownFileType = file; path = "NotoSansKR-Medium.otf"; sourceTree = "<group>"; };
		7EA740BA29CB4B9B0057D905 /* NotoSansKR-Bold.otf */ = {isa = PBXFileReference; lastKnownFileType = file; path = "NotoSansKR-Bold.otf"; sourceTree = "<group>"; };
		7EA740BB29CB4B9B0057D905 /* NotoSansKR-Black.otf */ = {isa = PBXFileReference; lastKnownFileType = file; path = "NotoSansKR-Black.otf"; sourceTree = "<group>"; };
		7EA740BC29CB4B9B0057D905 /* NotoSansKR-Regular.otf */ = {isa = PBXFileReference; lastKnownFileType = file; path = "NotoSansKR-Regular.otf"; sourceTree = "<group>"; };
		7EA740BD29CB4B9B0057D905 /* NotoSansKR-Light.otf */ = {isa = PBXFileReference; lastKnownFileType = file; path = "NotoSansKR-Light.otf"; sourceTree = "<group>"; };
		7EA740BE29CB4BAB0057D905 /* Pretendard-SemiBold.otf */ = {isa = PBXFileReference; lastKnownFileType = file; path = "Pretendard-SemiBold.otf"; sourceTree = "<group>"; };
		7EA740BF29CB4BAB0057D905 /* OpenSans-ExtraBoldItalic.ttf */ = {isa = PBXFileReference; lastKnownFileType = file; path = "OpenSans-ExtraBoldItalic.ttf"; sourceTree = "<group>"; };
		7EA740C029CB4BAC0057D905 /* Roboto-BoldItalic.ttf */ = {isa = PBXFileReference; lastKnownFileType = file; path = "Roboto-BoldItalic.ttf"; sourceTree = "<group>"; };
		7EA740C129CB4BAC0057D905 /* OpenSans-Italic.ttf */ = {isa = PBXFileReference; lastKnownFileType = file; path = "OpenSans-Italic.ttf"; sourceTree = "<group>"; };
		7EA740C229CB4BAC0057D905 /* Roboto-LightItalic.ttf */ = {isa = PBXFileReference; lastKnownFileType = file; path = "Roboto-LightItalic.ttf"; sourceTree = "<group>"; };
		7EA740C329CB4BAC0057D905 /* OpenSans-SemiBold.ttf */ = {isa = PBXFileReference; lastKnownFileType = file; path = "OpenSans-SemiBold.ttf"; sourceTree = "<group>"; };
		7EA740C429CB4BAC0057D905 /* Roboto-Medium.ttf */ = {isa = PBXFileReference; lastKnownFileType = file; path = "Roboto-Medium.ttf"; sourceTree = "<group>"; };
		7EA740C529CB4BAC0057D905 /* OpenSans-BoldItalic.ttf */ = {isa = PBXFileReference; lastKnownFileType = file; path = "OpenSans-BoldItalic.ttf"; sourceTree = "<group>"; };
		7EA740C629CB4BAC0057D905 /* Roboto-Thin.ttf */ = {isa = PBXFileReference; lastKnownFileType = file; path = "Roboto-Thin.ttf"; sourceTree = "<group>"; };
		7EA740C729CB4BAC0057D905 /* Roboto-Bold.ttf */ = {isa = PBXFileReference; lastKnownFileType = file; path = "Roboto-Bold.ttf"; sourceTree = "<group>"; };
		7EA740C829CB4BAD0057D905 /* Roboto-ThinItalic.ttf */ = {isa = PBXFileReference; lastKnownFileType = file; path = "Roboto-ThinItalic.ttf"; sourceTree = "<group>"; };
		7EA740C929CB4BAD0057D905 /* OpenSans-ExtraBold.ttf */ = {isa = PBXFileReference; lastKnownFileType = file; path = "OpenSans-ExtraBold.ttf"; sourceTree = "<group>"; };
		7EA740CA29CB4BAD0057D905 /* OpenSans-Regular.ttf */ = {isa = PBXFileReference; lastKnownFileType = file; path = "OpenSans-Regular.ttf"; sourceTree = "<group>"; };
		7EA740CB29CB4BAD0057D905 /* OpenSans-LightItalic.ttf */ = {isa = PBXFileReference; lastKnownFileType = file; path = "OpenSans-LightItalic.ttf"; sourceTree = "<group>"; };
		7EA740CC29CB4BAD0057D905 /* Pretendard-Thin.otf */ = {isa = PBXFileReference; lastKnownFileType = file; path = "Pretendard-Thin.otf"; sourceTree = "<group>"; };
		7EA740CD29CB4BAD0057D905 /* Roboto-BlackItalic.ttf */ = {isa = PBXFileReference; lastKnownFileType = file; path = "Roboto-BlackItalic.ttf"; sourceTree = "<group>"; };
		7EA740CE29CB4BAE0057D905 /* Roboto-Regular.ttf */ = {isa = PBXFileReference; lastKnownFileType = file; path = "Roboto-Regular.ttf"; sourceTree = "<group>"; };
		7EA740CF29CB4BAE0057D905 /* Pretendard-Medium.otf */ = {isa = PBXFileReference; lastKnownFileType = file; path = "Pretendard-Medium.otf"; sourceTree = "<group>"; };
		7EA740D029CB4BAE0057D905 /* Pretendard-Regular.otf */ = {isa = PBXFileReference; lastKnownFileType = file; path = "Pretendard-Regular.otf"; sourceTree = "<group>"; };
		7EA740D129CB4BAF0057D905 /* Pretendard-ExtraLight.otf */ = {isa = PBXFileReference; lastKnownFileType = file; path = "Pretendard-ExtraLight.otf"; sourceTree = "<group>"; };
		7EA740D229CB4BAF0057D905 /* OpenSans-Light.ttf */ = {isa = PBXFileReference; lastKnownFileType = file; path = "OpenSans-Light.ttf"; sourceTree = "<group>"; };
		7EA740D329CB4BAF0057D905 /* Roboto-MediumItalic.ttf */ = {isa = PBXFileReference; lastKnownFileType = file; path = "Roboto-MediumItalic.ttf"; sourceTree = "<group>"; };
		7EA740D429CB4BAF0057D905 /* Pretendard-Light.otf */ = {isa = PBXFileReference; lastKnownFileType = file; path = "Pretendard-Light.otf"; sourceTree = "<group>"; };
		7EA740D529CB4BAF0057D905 /* Roboto-Light.ttf */ = {isa = PBXFileReference; lastKnownFileType = file; path = "Roboto-Light.ttf"; sourceTree = "<group>"; };
		7EA740D629CB4BB00057D905 /* OpenSans-SemiBoldItalic.ttf */ = {isa = PBXFileReference; lastKnownFileType = file; path = "OpenSans-SemiBoldItalic.ttf"; sourceTree = "<group>"; };
		7EA740D729CB4BB00057D905 /* Roboto-Black.ttf */ = {isa = PBXFileReference; lastKnownFileType = file; path = "Roboto-Black.ttf"; sourceTree = "<group>"; };
		7EA740D829CB4BB00057D905 /* Pretendard-ExtraBold.otf */ = {isa = PBXFileReference; lastKnownFileType = file; path = "Pretendard-ExtraBold.otf"; sourceTree = "<group>"; };
		7EA740D929CB4BB00057D905 /* Pretendard-Black.otf */ = {isa = PBXFileReference; lastKnownFileType = file; path = "Pretendard-Black.otf"; sourceTree = "<group>"; };
		7EA740DA29CB4BB10057D905 /* Pretendard-Bold.otf */ = {isa = PBXFileReference; lastKnownFileType = file; path = "Pretendard-Bold.otf"; sourceTree = "<group>"; };
		7EA740DB29CB4BB10057D905 /* OpenSans-Bold.ttf */ = {isa = PBXFileReference; lastKnownFileType = file; path = "OpenSans-Bold.ttf"; sourceTree = "<group>"; };
		7EA740DD29CB4BE90057D905 /* PhotoCollectionViewLayout_3by3.swift */ = {isa = PBXFileReference; fileEncoding = 4; lastKnownFileType = sourcecode.swift; path = PhotoCollectionViewLayout_3by3.swift; sourceTree = "<group>"; };
		7EA740DE29CB4BE90057D905 /* PhotoListViewController_3by3.swift */ = {isa = PBXFileReference; fileEncoding = 4; lastKnownFileType = sourcecode.swift; path = PhotoListViewController_3by3.swift; sourceTree = "<group>"; };
		7EA740DF29CB4BE90057D905 /* PhotoPopUpViewController.swift */ = {isa = PBXFileReference; fileEncoding = 4; lastKnownFileType = sourcecode.swift; path = PhotoPopUpViewController.swift; sourceTree = "<group>"; };
		7EA740E029CB4BE90057D905 /* PhotoCollectionViewLayout_LargeAndSmall.swift */ = {isa = PBXFileReference; fileEncoding = 4; lastKnownFileType = sourcecode.swift; path = PhotoCollectionViewLayout_LargeAndSmall.swift; sourceTree = "<group>"; };
		7EA740E129CB4BE90057D905 /* PhotoListViewController_LargeAndSmall.swift */ = {isa = PBXFileReference; fileEncoding = 4; lastKnownFileType = sourcecode.swift; path = PhotoListViewController_LargeAndSmall.swift; sourceTree = "<group>"; };
		7EA740E229CB4BE90057D905 /* PhotoPopUpBaseViewController.swift */ = {isa = PBXFileReference; fileEncoding = 4; lastKnownFileType = sourcecode.swift; path = PhotoPopUpBaseViewController.swift; sourceTree = "<group>"; };
		7EA740EB29CB4C2E0057D905 /* PAG_NoticeButton.swift */ = {isa = PBXFileReference; fileEncoding = 4; lastKnownFileType = sourcecode.swift; path = PAG_NoticeButton.swift; sourceTree = "<group>"; };
		7EA740EC29CB4C2F0057D905 /* showPDF.swift */ = {isa = PBXFileReference; fileEncoding = 4; lastKnownFileType = sourcecode.swift; path = showPDF.swift; sourceTree = "<group>"; };
		7EA740ED29CB4C2F0057D905 /* PDFViewController.swift */ = {isa = PBXFileReference; fileEncoding = 4; lastKnownFileType = sourcecode.swift; path = PDFViewController.swift; sourceTree = "<group>"; };
		7EA740EE29CB4C2F0057D905 /* WebPopUpViewController.swift */ = {isa = PBXFileReference; fileEncoding = 4; lastKnownFileType = sourcecode.swift; path = WebPopUpViewController.swift; sourceTree = "<group>"; };
		7EA740EF29CB4C2F0057D905 /* PAGViewController.swift */ = {isa = PBXFileReference; fileEncoding = 4; lastKnownFileType = sourcecode.swift; path = PAGViewController.swift; sourceTree = "<group>"; };
		7EA740F029CB4C2F0057D905 /* PAGHeaderView.swift */ = {isa = PBXFileReference; fileEncoding = 4; lastKnownFileType = sourcecode.swift; path = PAGHeaderView.swift; sourceTree = "<group>"; };
		7EA740F129CB4C2F0057D905 /* WebView.swift */ = {isa = PBXFileReference; fileEncoding = 4; lastKnownFileType = sourcecode.swift; path = WebView.swift; sourceTree = "<group>"; };
		7EA740F229CB4C2F0057D905 /* PAGView.swift */ = {isa = PBXFileReference; fileEncoding = 4; lastKnownFileType = sourcecode.swift; path = PAGView.swift; sourceTree = "<group>"; };
		7EA740F329CB4C2F0057D905 /* WebViewController.swift */ = {isa = PBXFileReference; fileEncoding = 4; lastKnownFileType = sourcecode.swift; path = WebViewController.swift; sourceTree = "<group>"; };
		7EA740F429CB4C2F0057D905 /* GlanceSubWebController.swift */ = {isa = PBXFileReference; fileEncoding = 4; lastKnownFileType = sourcecode.swift; path = GlanceSubWebController.swift; sourceTree = "<group>"; };
		7EBF63A929D3392100E4C72D /* GoogleService-Info.plist */ = {isa = PBXFileReference; fileEncoding = 4; lastKnownFileType = text.plist.xml; path = "GoogleService-Info.plist"; sourceTree = "<group>"; };
		7EBF63AB29D33D2600E4C72D /* KSCCM_ACCC2023.entitlements */ = {isa = PBXFileReference; lastKnownFileType = text.plist.entitlements; path = KSCCM_ACCC2023.entitlements; sourceTree = "<group>"; };
		C7750B65385FA16395471510 /* Pods-KSCCM_ACCC2023.release.xcconfig */ = {isa = PBXFileReference; includeInIndex = 1; lastKnownFileType = text.xcconfig; name = "Pods-KSCCM_ACCC2023.release.xcconfig"; path = "Target Support Files/Pods-KSCCM_ACCC2023/Pods-KSCCM_ACCC2023.release.xcconfig"; sourceTree = "<group>"; };
/* End PBXFileReference section */

/* Begin PBXFrameworksBuildPhase section */
		7EA7404729CB4A230057D905 /* Frameworks */ = {
			isa = PBXFrameworksBuildPhase;
			buildActionMask = 2147483647;
			files = (
				0D045A6E1C19342E991AE205 /* Pods_KSCCM_ACCC2023.framework in Frameworks */,
			);
			runOnlyForDeploymentPostprocessing = 0;
		};
/* End PBXFrameworksBuildPhase section */

/* Begin PBXGroup section */
		5FCA70326E3860A3E5679FCF /* Frameworks */ = {
			isa = PBXGroup;
			children = (
				4D1A395545501C41EA8987C5 /* Pods_KSCCM_ACCC2023.framework */,
			);
			name = Frameworks;
			sourceTree = "<group>";
		};
		7EA7404129CB4A230057D905 = {
			isa = PBXGroup;
			children = (
				7EA7404C29CB4A230057D905 /* KSCCM_ACCC2023 */,
				7EA7404B29CB4A230057D905 /* Products */,
				C08144E426EB6621B1C3362F /* Pods */,
				5FCA70326E3860A3E5679FCF /* Frameworks */,
			);
			sourceTree = "<group>";
		};
		7EA7404B29CB4A230057D905 /* Products */ = {
			isa = PBXGroup;
			children = (
				7EA7404A29CB4A230057D905 /* KSCCM_ACCC2023.app */,
			);
			name = Products;
			sourceTree = "<group>";
		};
		7EA7404C29CB4A230057D905 /* KSCCM_ACCC2023 */ = {
			isa = PBXGroup;
			children = (
				7EBF63AB29D33D2600E4C72D /* KSCCM_ACCC2023.entitlements */,
				7EA7404D29CB4A230057D905 /* AppDelegate.swift */,
				7EA7404F29CB4A230057D905 /* SceneDelegate.swift */,
				7EA7405129CB4A230057D905 /* ViewController.swift */,
				7EA7406229CB4AA30057D905 /* BaseViewController.swift */,
				7EA7406629CB4AA50057D905 /* HiddenViewController.swift */,
				7EA7406829CB4AA60057D905 /* LoginViewController.swift */,
				7EA7406529CB4AA40057D905 /* MainBottomBannerView.swift */,
				7EA7406329CB4AA30057D905 /* MainViewController.swift */,
				7EA7406129CB4AA30057D905 /* QuestionSelectView.swift */,
				7EA7406729CB4AA50057D905 /* QuestionViewController.swift */,
				7EA7406429CB4AA40057D905 /* SettingViewController.swift */,
				7EA7408329CB4AED0057D905 /* BoothEvent */,
				7EA7408A29CB4B1B0057D905 /* Left */,
				7EA7409729CB4B400057D905 /* Custom */,
				7EA740AE29CB4B650057D905 /* Swift */,
				7EA740DC29CB4BB90057D905 /* Font */,
				7EA7410029CB4C480057D905 /* PDF */,
				7EA740FF29CB4C3E0057D905 /* PPAG */,
				7EA7410129CB4C550057D905 /* web */,
				7EA740E929CB4BEE0057D905 /* Photo */,
				7EA7405329CB4A230057D905 /* Main.storyboard */,
				7EBF63A929D3392100E4C72D /* GoogleService-Info.plist */,
				7EA7405629CB4A260057D905 /* Assets.xcassets */,
				7EA7405829CB4A260057D905 /* LaunchScreen.storyboard */,
				7EA7405B29CB4A260057D905 /* Info.plist */,
			);
			path = KSCCM_ACCC2023;
			sourceTree = "<group>";
		};
		7EA7408329CB4AED0057D905 /* BoothEvent */ = {
			isa = PBXGroup;
			children = (
				7EA7407129CB4AE20057D905 /* BarCodeView_2020s.swift */,
				7EA7407529CB4AE20057D905 /* BoothEventAfterView_2020s.swift */,
				7EA7407229CB4AE20057D905 /* BoothEventCompleteView_2020s.swift */,
				7EA7407329CB4AE20057D905 /* BoothEventViewController_2020s.swift */,
				7EA7407729CB4AE20057D905 /* BoothEvnetNoticeView.swift */,
				7EA7407429CB4AE20057D905 /* define_booth_temp.swift */,
				7EA7407929CB4AE30057D905 /* Flash.swift */,
				7EA7407829CB4AE30057D905 /* HowToBoothEventView_2020s.swift */,
				7EA7407629CB4AE20057D905 /* QRCodeReaderViewController_2020s.swift */,
			);
			path = BoothEvent;
			sourceTree = "<group>";
		};
		7EA7408A29CB4B1B0057D905 /* Left */ = {
			isa = PBXGroup;
			children = (
				7EA7408429CB4B150057D905 /* AboutLeftTableView.swift */,
				7EA7408529CB4B150057D905 /* LeftBottomLogoView.swift */,
				7EA7408629CB4B150057D905 /* LeftView.swift */,
			);
			path = Left;
			sourceTree = "<group>";
		};
		7EA7409729CB4B400057D905 /* Custom */ = {
			isa = PBXGroup;
			children = (
				7EA7409029CB4B3C0057D905 /* BottomSubView.swift */,
				7EA7408B29CB4B3C0057D905 /* BottomView.swift */,
				7EA7408E29CB4B3C0057D905 /* IconButton.swift */,
				7EA7408D29CB4B3C0057D905 /* LatestNoticeView.swift */,
				7EA7408C29CB4B3C0057D905 /* MainBoothEventButton.swift */,
				7EA7408F29CB4B3C0057D905 /* VotingViewController.swift */,
			);
			path = Custom;
			sourceTree = "<group>";
		};
		7EA740AE29CB4B650057D905 /* Swift */ = {
			isa = PBXGroup;
			children = (
				7EA7409D29CB4B5F0057D905 /* Action.swift */,
				7EA740A029CB4B5F0057D905 /* DataExtension.swift */,
				7EA7409E29CB4B5F0057D905 /* DateCenter.swift */,
				7EA7409A29CB4B5F0057D905 /* Define.swift */,
				7EA7409B29CB4B5F0057D905 /* Extension.swift */,
				7EA740A129CB4B5F0057D905 /* Global.swift */,
				7EA7409F29CB4B5F0057D905 /* NotiCenter.swift */,
				7EA740A229CB4B600057D905 /* Server.swift */,
				7EA7409C29CB4B5F0057D905 /* TextInput_Extension.swift */,
				7EA7409829CB4B5F0057D905 /* ToastCenter.swift */,
				7EA7409929CB4B5F0057D905 /* VersionCheck.swift */,
			);
			path = Swift;
			sourceTree = "<group>";
		};
		7EA740DC29CB4BB90057D905 /* Font */ = {
			isa = PBXGroup;
			children = (
				7EA740B129CB4B8E0057D905 /* NanumBarunGothic.otf */,
				7EA740B029CB4B8E0057D905 /* NanumBarunGothicBold.otf */,
				7EA740AF29CB4B8D0057D905 /* NanumBarunGothicLight.otf */,
				7EA740B229CB4B8E0057D905 /* NanumBarunGothicUltraLight.otf */,
				7EA740BB29CB4B9B0057D905 /* NotoSansKR-Black.otf */,
				7EA740BA29CB4B9B0057D905 /* NotoSansKR-Bold.otf */,
				7EA740B829CB4B9A0057D905 /* NotoSansKR-DemiLight.otf */,
				7EA740BD29CB4B9B0057D905 /* NotoSansKR-Light.otf */,
				7EA740B929CB4B9A0057D905 /* NotoSansKR-Medium.otf */,
				7EA740BC29CB4B9B0057D905 /* NotoSansKR-Regular.otf */,
				7EA740B729CB4B9A0057D905 /* NotoSansKR-Thin.otf */,
				7EA740DB29CB4BB10057D905 /* OpenSans-Bold.ttf */,
				7EA740C529CB4BAC0057D905 /* OpenSans-BoldItalic.ttf */,
				7EA740C929CB4BAD0057D905 /* OpenSans-ExtraBold.ttf */,
				7EA740BF29CB4BAB0057D905 /* OpenSans-ExtraBoldItalic.ttf */,
				7EA740C129CB4BAC0057D905 /* OpenSans-Italic.ttf */,
				7EA740D229CB4BAF0057D905 /* OpenSans-Light.ttf */,
				7EA740CB29CB4BAD0057D905 /* OpenSans-LightItalic.ttf */,
				7EA740CA29CB4BAD0057D905 /* OpenSans-Regular.ttf */,
				7EA740C329CB4BAC0057D905 /* OpenSans-SemiBold.ttf */,
				7EA740D629CB4BB00057D905 /* OpenSans-SemiBoldItalic.ttf */,
				7EA740D929CB4BB00057D905 /* Pretendard-Black.otf */,
				7EA740DA29CB4BB10057D905 /* Pretendard-Bold.otf */,
				7EA740D829CB4BB00057D905 /* Pretendard-ExtraBold.otf */,
				7EA740D129CB4BAF0057D905 /* Pretendard-ExtraLight.otf */,
				7EA740D429CB4BAF0057D905 /* Pretendard-Light.otf */,
				7EA740CF29CB4BAE0057D905 /* Pretendard-Medium.otf */,
				7EA740D029CB4BAE0057D905 /* Pretendard-Regular.otf */,
				7EA740BE29CB4BAB0057D905 /* Pretendard-SemiBold.otf */,
				7EA740CC29CB4BAD0057D905 /* Pretendard-Thin.otf */,
				7EA740D729CB4BB00057D905 /* Roboto-Black.ttf */,
				7EA740CD29CB4BAD0057D905 /* Roboto-BlackItalic.ttf */,
				7EA740C729CB4BAC0057D905 /* Roboto-Bold.ttf */,
				7EA740C029CB4BAC0057D905 /* Roboto-BoldItalic.ttf */,
				7EA740D529CB4BAF0057D905 /* Roboto-Light.ttf */,
				7EA740C229CB4BAC0057D905 /* Roboto-LightItalic.ttf */,
				7EA740C429CB4BAC0057D905 /* Roboto-Medium.ttf */,
				7EA740D329CB4BAF0057D905 /* Roboto-MediumItalic.ttf */,
				7EA740CE29CB4BAE0057D905 /* Roboto-Regular.ttf */,
				7EA740C629CB4BAC0057D905 /* Roboto-Thin.ttf */,
				7EA740C829CB4BAD0057D905 /* Roboto-ThinItalic.ttf */,
			);
			path = Font;
			sourceTree = "<group>";
		};
		7EA740E929CB4BEE0057D905 /* Photo */ = {
			isa = PBXGroup;
			children = (
				7EA740DD29CB4BE90057D905 /* PhotoCollectionViewLayout_3by3.swift */,
				7EA740E029CB4BE90057D905 /* PhotoCollectionViewLayout_LargeAndSmall.swift */,
				7EA740DE29CB4BE90057D905 /* PhotoListViewController_3by3.swift */,
				7EA740E129CB4BE90057D905 /* PhotoListViewController_LargeAndSmall.swift */,
				7EA740E229CB4BE90057D905 /* PhotoPopUpBaseViewController.swift */,
				7EA740DF29CB4BE90057D905 /* PhotoPopUpViewController.swift */,
			);
			path = Photo;
			sourceTree = "<group>";
		};
		7EA740FF29CB4C3E0057D905 /* PPAG */ = {
			isa = PBXGroup;
			children = (
				7EA740EB29CB4C2E0057D905 /* PAG_NoticeButton.swift */,
				7EA740F029CB4C2F0057D905 /* PAGHeaderView.swift */,
				7EA740F229CB4C2F0057D905 /* PAGView.swift */,
				7EA740EF29CB4C2F0057D905 /* PAGViewController.swift */,
			);
			path = PPAG;
			sourceTree = "<group>";
		};
		7EA7410029CB4C480057D905 /* PDF */ = {
			isa = PBXGroup;
			children = (
				7EA740ED29CB4C2F0057D905 /* PDFViewController.swift */,
				7EA740EC29CB4C2F0057D905 /* showPDF.swift */,
			);
			path = PDF;
			sourceTree = "<group>";
		};
		7EA7410129CB4C550057D905 /* web */ = {
			isa = PBXGroup;
			children = (
				7EA740F429CB4C2F0057D905 /* GlanceSubWebController.swift */,
				7EA740EE29CB4C2F0057D905 /* WebPopUpViewController.swift */,
				7EA740F129CB4C2F0057D905 /* WebView.swift */,
				7EA740F329CB4C2F0057D905 /* WebViewController.swift */,
			);
			path = web;
			sourceTree = "<group>";
		};
		C08144E426EB6621B1C3362F /* Pods */ = {
			isa = PBXGroup;
			children = (
				4F987ADF775C856473AFEC1E /* Pods-KSCCM_ACCC2023.debug.xcconfig */,
				C7750B65385FA16395471510 /* Pods-KSCCM_ACCC2023.release.xcconfig */,
			);
			path = Pods;
			sourceTree = "<group>";
		};
/* End PBXGroup section */

/* Begin PBXNativeTarget section */
		7EA7404929CB4A230057D905 /* KSCCM_ACCC2023 */ = {
			isa = PBXNativeTarget;
			buildConfigurationList = 7EA7405E29CB4A260057D905 /* Build configuration list for PBXNativeTarget "KSCCM_ACCC2023" */;
			buildPhases = (
				4B687566D96EF5016B100E0F /* [CP] Check Pods Manifest.lock */,
				7EA7404629CB4A230057D905 /* Sources */,
				7EA7404729CB4A230057D905 /* Frameworks */,
				7EA7404829CB4A230057D905 /* Resources */,
				E9D3A559563C3C99FE321DE7 /* [CP] Embed Pods Frameworks */,
			);
			buildRules = (
			);
			dependencies = (
			);
			name = KSCCM_ACCC2023;
			productName = KSCCM_ACCC2023;
			productReference = 7EA7404A29CB4A230057D905 /* KSCCM_ACCC2023.app */;
			productType = "com.apple.product-type.application";
		};
/* End PBXNativeTarget section */

/* Begin PBXProject section */
		7EA7404229CB4A230057D905 /* Project object */ = {
			isa = PBXProject;
			attributes = {
				BuildIndependentTargetsInParallel = 1;
				LastSwiftUpdateCheck = 1420;
				LastUpgradeCheck = 1420;
				TargetAttributes = {
					7EA7404929CB4A230057D905 = {
						CreatedOnToolsVersion = 14.2;
					};
				};
			};
			buildConfigurationList = 7EA7404529CB4A230057D905 /* Build configuration list for PBXProject "KSCCM_ACCC2023" */;
			compatibilityVersion = "Xcode 14.0";
			developmentRegion = en;
			hasScannedForEncodings = 0;
			knownRegions = (
				en,
				Base,
			);
			mainGroup = 7EA7404129CB4A230057D905;
			productRefGroup = 7EA7404B29CB4A230057D905 /* Products */;
			projectDirPath = "";
			projectRoot = "";
			targets = (
				7EA7404929CB4A230057D905 /* KSCCM_ACCC2023 */,
			);
		};
/* End PBXProject section */

/* Begin PBXResourcesBuildPhase section */
		7EA7404829CB4A230057D905 /* Resources */ = {
			isa = PBXResourcesBuildPhase;
			buildActionMask = 2147483647;
			files = (
				7EA7413E29CB4E190057D905 /* NotoSansKR-Thin.otf in Resources */,
				7EA7413D29CB4E190057D905 /* Roboto-Medium.ttf in Resources */,
				7EA7414C29CB4E190057D905 /* OpenSans-ExtraBold.ttf in Resources */,
				7EA7412C29CB4E190057D905 /* Roboto-BoldItalic.ttf in Resources */,
				7EA7414829CB4E190057D905 /* Roboto-Black.ttf in Resources */,
				7EA7414129CB4E190057D905 /* NotoSansKR-Black.otf in Resources */,
				7EA7414F29CB4E190057D905 /* Pretendard-Black.otf in Resources */,
				7EA7412B29CB4E190057D905 /* Roboto-Thin.ttf in Resources */,
				7EA7413729CB4E190057D905 /* Roboto-Bold.ttf in Resources */,
				7EA7413429CB4E190057D905 /* Pretendard-Light.otf in Resources */,
				7EA7414329CB4E190057D905 /* Roboto-BlackItalic.ttf in Resources */,
				7EA7413829CB4E190057D905 /* Pretendard-Regular.otf in Resources */,
				7EA7414E29CB4E190057D905 /* OpenSans-Bold.ttf in Resources */,
				7EA7414729CB4E190057D905 /* OpenSans-Italic.ttf in Resources */,
				7EA7414B29CB4E190057D905 /* Pretendard-Thin.otf in Resources */,
				7EA7413129CB4E190057D905 /* NanumBarunGothicUltraLight.otf in Resources */,
				7EA7413229CB4E190057D905 /* OpenSans-Light.ttf in Resources */,
				7EA7412E29CB4E190057D905 /* OpenSans-SemiBold.ttf in Resources */,
				7EA7414529CB4E190057D905 /* OpenSans-SemiBoldItalic.ttf in Resources */,
				7EBF63AA29D3392100E4C72D /* GoogleService-Info.plist in Resources */,
				7EA7414229CB4E190057D905 /* OpenSans-BoldItalic.ttf in Resources */,
				7EA7414029CB4E190057D905 /* NanumBarunGothicBold.otf in Resources */,
				7EA7414429CB4E190057D905 /* Roboto-Light.ttf in Resources */,
				7EA7414629CB4E190057D905 /* Pretendard-Bold.otf in Resources */,
				7EA7413929CB4E190057D905 /* NanumBarunGothic.otf in Resources */,
				7EA7412A29CB4E190057D905 /* Pretendard-Medium.otf in Resources */,
				7EA7413529CB4E190057D905 /* NanumBarunGothicLight.otf in Resources */,
				7EA7414A29CB4E190057D905 /* OpenSans-ExtraBoldItalic.ttf in Resources */,
				7EA7414929CB4E190057D905 /* Pretendard-ExtraBold.otf in Resources */,
				7EA7413A29CB4E190057D905 /* Roboto-LightItalic.ttf in Resources */,
				7EA7412F29CB4E190057D905 /* Roboto-MediumItalic.ttf in Resources */,
				7EA7412829CB4E190057D905 /* Roboto-ThinItalic.ttf in Resources */,
				7EA7412D29CB4E190057D905 /* OpenSans-LightItalic.ttf in Resources */,
				7EA7414D29CB4E190057D905 /* NotoSansKR-Medium.otf in Resources */,
				7EA7405A29CB4A260057D905 /* LaunchScreen.storyboard in Resources */,
				7EA7405729CB4A260057D905 /* Assets.xcassets in Resources */,
				7EA7412729CB4E190057D905 /* Pretendard-ExtraLight.otf in Resources */,
				7EA7413029CB4E190057D905 /* Roboto-Regular.ttf in Resources */,
				7EA7412929CB4E190057D905 /* NotoSansKR-Bold.otf in Resources */,
				7EA7413C29CB4E190057D905 /* OpenSans-Regular.ttf in Resources */,
				7EA7413F29CB4E190057D905 /* Pretendard-SemiBold.otf in Resources */,
				7EA7413329CB4E190057D905 /* NotoSansKR-Regular.otf in Resources */,
				7EA7413B29CB4E190057D905 /* NotoSansKR-DemiLight.otf in Resources */,
				7EA7405529CB4A230057D905 /* Main.storyboard in Resources */,
				7EA7413629CB4E190057D905 /* NotoSansKR-Light.otf in Resources */,
			);
			runOnlyForDeploymentPostprocessing = 0;
		};
/* End PBXResourcesBuildPhase section */

/* Begin PBXShellScriptBuildPhase section */
		4B687566D96EF5016B100E0F /* [CP] Check Pods Manifest.lock */ = {
			isa = PBXShellScriptBuildPhase;
			buildActionMask = 2147483647;
			files = (
			);
			inputFileListPaths = (
			);
			inputPaths = (
				"${PODS_PODFILE_DIR_PATH}/Podfile.lock",
				"${PODS_ROOT}/Manifest.lock",
			);
			name = "[CP] Check Pods Manifest.lock";
			outputFileListPaths = (
			);
			outputPaths = (
				"$(DERIVED_FILE_DIR)/Pods-KSCCM_ACCC2023-checkManifestLockResult.txt",
			);
			runOnlyForDeploymentPostprocessing = 0;
			shellPath = /bin/sh;
			shellScript = "diff \"${PODS_PODFILE_DIR_PATH}/Podfile.lock\" \"${PODS_ROOT}/Manifest.lock\" > /dev/null\nif [ $? != 0 ] ; then\n    # print error to STDERR\n    echo \"error: The sandbox is not in sync with the Podfile.lock. Run 'pod install' or update your CocoaPods installation.\" >&2\n    exit 1\nfi\n# This output is used by Xcode 'outputs' to avoid re-running this script phase.\necho \"SUCCESS\" > \"${SCRIPT_OUTPUT_FILE_0}\"\n";
			showEnvVarsInLog = 0;
		};
		E9D3A559563C3C99FE321DE7 /* [CP] Embed Pods Frameworks */ = {
			isa = PBXShellScriptBuildPhase;
			buildActionMask = 2147483647;
			files = (
			);
			inputFileListPaths = (
				"${PODS_ROOT}/Target Support Files/Pods-KSCCM_ACCC2023/Pods-KSCCM_ACCC2023-frameworks-${CONFIGURATION}-input-files.xcfilelist",
			);
			name = "[CP] Embed Pods Frameworks";
			outputFileListPaths = (
				"${PODS_ROOT}/Target Support Files/Pods-KSCCM_ACCC2023/Pods-KSCCM_ACCC2023-frameworks-${CONFIGURATION}-output-files.xcfilelist",
			);
			runOnlyForDeploymentPostprocessing = 0;
			shellPath = /bin/sh;
			shellScript = "\"${PODS_ROOT}/Target Support Files/Pods-KSCCM_ACCC2023/Pods-KSCCM_ACCC2023-frameworks.sh\"\n";
			showEnvVarsInLog = 0;
		};
/* End PBXShellScriptBuildPhase section */

/* Begin PBXSourcesBuildPhase section */
		7EA7404629CB4A230057D905 /* Sources */ = {
			isa = PBXSourcesBuildPhase;
			buildActionMask = 2147483647;
			files = (
				7EA7408229CB4AE30057D905 /* Flash.swift in Sources */,
				7EA740F929CB4C2F0057D905 /* PAGViewController.swift in Sources */,
				7EA7408929CB4B160057D905 /* LeftView.swift in Sources */,
				7EA7407C29CB4AE30057D905 /* BoothEventViewController_2020s.swift in Sources */,
				7EA7409129CB4B3C0057D905 /* BottomView.swift in Sources */,
				7EA7406D29CB4AA60057D905 /* MainBottomBannerView.swift in Sources */,
				7EA740FA29CB4C2F0057D905 /* PAGHeaderView.swift in Sources */,
				7EA740E829CB4BE90057D905 /* PhotoPopUpBaseViewController.swift in Sources */,
				7EA740AC29CB4B600057D905 /* Global.swift in Sources */,
				7EA740A729CB4B600057D905 /* TextInput_Extension.swift in Sources */,
				7EA7409629CB4B3C0057D905 /* BottomSubView.swift in Sources */,
				7EA7407D29CB4AE30057D905 /* define_booth_temp.swift in Sources */,
				7EA7406A29CB4AA60057D905 /* BaseViewController.swift in Sources */,
				7EA7406E29CB4AA60057D905 /* HiddenViewController.swift in Sources */,
				7EA740F729CB4C2F0057D905 /* PDFViewController.swift in Sources */,
				7EA7409229CB4B3C0057D905 /* MainBoothEventButton.swift in Sources */,
				7EA7409429CB4B3C0057D905 /* IconButton.swift in Sources */,
				7EA7409329CB4B3C0057D905 /* LatestNoticeView.swift in Sources */,
				7EA7408129CB4AE30057D905 /* HowToBoothEventView_2020s.swift in Sources */,
				7EA7407A29CB4AE30057D905 /* BarCodeView_2020s.swift in Sources */,
				7EA7405229CB4A230057D905 /* ViewController.swift in Sources */,
				7EA740A629CB4B600057D905 /* Extension.swift in Sources */,
				7EA740F629CB4C2F0057D905 /* showPDF.swift in Sources */,
				7EA740FD29CB4C2F0057D905 /* WebViewController.swift in Sources */,
				7EA740F529CB4C2F0057D905 /* PAG_NoticeButton.swift in Sources */,
				7EA740E429CB4BE90057D905 /* PhotoListViewController_3by3.swift in Sources */,
				7EA740E329CB4BE90057D905 /* PhotoCollectionViewLayout_3by3.swift in Sources */,
				7EA7407F29CB4AE30057D905 /* QRCodeReaderViewController_2020s.swift in Sources */,
				7EA740A829CB4B600057D905 /* Action.swift in Sources */,
				7EA740FE29CB4C2F0057D905 /* GlanceSubWebController.swift in Sources */,
				7EA7408029CB4AE30057D905 /* BoothEvnetNoticeView.swift in Sources */,
				7EA7404E29CB4A230057D905 /* AppDelegate.swift in Sources */,
				7EA740A529CB4B600057D905 /* Define.swift in Sources */,
				7EA740E629CB4BE90057D905 /* PhotoCollectionViewLayout_LargeAndSmall.swift in Sources */,
				7EA740A929CB4B600057D905 /* DateCenter.swift in Sources */,
				7EA740FB29CB4C2F0057D905 /* WebView.swift in Sources */,
				7EA7406B29CB4AA60057D905 /* MainViewController.swift in Sources */,
				7EA740E729CB4BE90057D905 /* PhotoListViewController_LargeAndSmall.swift in Sources */,
				7EA7406F29CB4AA60057D905 /* QuestionViewController.swift in Sources */,
				7EA7409529CB4B3C0057D905 /* VotingViewController.swift in Sources */,
				7EA7406929CB4AA60057D905 /* QuestionSelectView.swift in Sources */,
				7EA7407E29CB4AE30057D905 /* BoothEventAfterView_2020s.swift in Sources */,
				7EA7406C29CB4AA60057D905 /* SettingViewController.swift in Sources */,
				7EA740AD29CB4B600057D905 /* Server.swift in Sources */,
				7EA7405029CB4A230057D905 /* SceneDelegate.swift in Sources */,
				7EA7407029CB4AA60057D905 /* LoginViewController.swift in Sources */,
				7EA7408829CB4B160057D905 /* LeftBottomLogoView.swift in Sources */,
				7EA740A429CB4B600057D905 /* VersionCheck.swift in Sources */,
				7EA740AB29CB4B600057D905 /* DataExtension.swift in Sources */,
				7EA740FC29CB4C2F0057D905 /* PAGView.swift in Sources */,
				7EA7408729CB4B160057D905 /* AboutLeftTableView.swift in Sources */,
				7EA740A329CB4B600057D905 /* ToastCenter.swift in Sources */,
				7EA740F829CB4C2F0057D905 /* WebPopUpViewController.swift in Sources */,
				7EA7407B29CB4AE30057D905 /* BoothEventCompleteView_2020s.swift in Sources */,
				7EA740AA29CB4B600057D905 /* NotiCenter.swift in Sources */,
				7EA740E529CB4BE90057D905 /* PhotoPopUpViewController.swift in Sources */,
			);
			runOnlyForDeploymentPostprocessing = 0;
		};
/* End PBXSourcesBuildPhase section */

/* Begin PBXVariantGroup section */
		7EA7405329CB4A230057D905 /* Main.storyboard */ = {
			isa = PBXVariantGroup;
			children = (
				7EA7405429CB4A230057D905 /* Base */,
			);
			name = Main.storyboard;
			sourceTree = "<group>";
		};
		7EA7405829CB4A260057D905 /* LaunchScreen.storyboard */ = {
			isa = PBXVariantGroup;
			children = (
				7EA7405929CB4A260057D905 /* Base */,
			);
			name = LaunchScreen.storyboard;
			sourceTree = "<group>";
		};
/* End PBXVariantGroup section */

/* Begin XCBuildConfiguration section */
		7EA7405C29CB4A260057D905 /* Debug */ = {
			isa = XCBuildConfiguration;
			buildSettings = {
				ALWAYS_SEARCH_USER_PATHS = NO;
				CLANG_ANALYZER_NONNULL = YES;
				CLANG_ANALYZER_NUMBER_OBJECT_CONVERSION = YES_AGGRESSIVE;
				CLANG_CXX_LANGUAGE_STANDARD = "gnu++20";
				CLANG_ENABLE_MODULES = YES;
				CLANG_ENABLE_OBJC_ARC = YES;
				CLANG_ENABLE_OBJC_WEAK = YES;
				CLANG_WARN_BLOCK_CAPTURE_AUTORELEASING = YES;
				CLANG_WARN_BOOL_CONVERSION = YES;
				CLANG_WARN_COMMA = YES;
				CLANG_WARN_CONSTANT_CONVERSION = YES;
				CLANG_WARN_DEPRECATED_OBJC_IMPLEMENTATIONS = YES;
				CLANG_WARN_DIRECT_OBJC_ISA_USAGE = YES_ERROR;
				CLANG_WARN_DOCUMENTATION_COMMENTS = YES;
				CLANG_WARN_EMPTY_BODY = YES;
				CLANG_WARN_ENUM_CONVERSION = YES;
				CLANG_WARN_INFINITE_RECURSION = YES;
				CLANG_WARN_INT_CONVERSION = YES;
				CLANG_WARN_NON_LITERAL_NULL_CONVERSION = YES;
				CLANG_WARN_OBJC_IMPLICIT_RETAIN_SELF = YES;
				CLANG_WARN_OBJC_LITERAL_CONVERSION = YES;
				CLANG_WARN_OBJC_ROOT_CLASS = YES_ERROR;
				CLANG_WARN_QUOTED_INCLUDE_IN_FRAMEWORK_HEADER = YES;
				CLANG_WARN_RANGE_LOOP_ANALYSIS = YES;
				CLANG_WARN_STRICT_PROTOTYPES = YES;
				CLANG_WARN_SUSPICIOUS_MOVE = YES;
				CLANG_WARN_UNGUARDED_AVAILABILITY = YES_AGGRESSIVE;
				CLANG_WARN_UNREACHABLE_CODE = YES;
				CLANG_WARN__DUPLICATE_METHOD_MATCH = YES;
				COPY_PHASE_STRIP = NO;
				DEBUG_INFORMATION_FORMAT = dwarf;
				ENABLE_STRICT_OBJC_MSGSEND = YES;
				ENABLE_TESTABILITY = YES;
				GCC_C_LANGUAGE_STANDARD = gnu11;
				GCC_DYNAMIC_NO_PIC = NO;
				GCC_NO_COMMON_BLOCKS = YES;
				GCC_OPTIMIZATION_LEVEL = 0;
				GCC_PREPROCESSOR_DEFINITIONS = (
					"DEBUG=1",
					"$(inherited)",
				);
				GCC_WARN_64_TO_32_BIT_CONVERSION = YES;
				GCC_WARN_ABOUT_RETURN_TYPE = YES_ERROR;
				GCC_WARN_UNDECLARED_SELECTOR = YES;
				GCC_WARN_UNINITIALIZED_AUTOS = YES_AGGRESSIVE;
				GCC_WARN_UNUSED_FUNCTION = YES;
				GCC_WARN_UNUSED_VARIABLE = YES;
				IPHONEOS_DEPLOYMENT_TARGET = 16.2;
				MTL_ENABLE_DEBUG_INFO = INCLUDE_SOURCE;
				MTL_FAST_MATH = YES;
				ONLY_ACTIVE_ARCH = YES;
				SDKROOT = iphoneos;
				SWIFT_ACTIVE_COMPILATION_CONDITIONS = DEBUG;
				SWIFT_OPTIMIZATION_LEVEL = "-Onone";
			};
			name = Debug;
		};
		7EA7405D29CB4A260057D905 /* Release */ = {
			isa = XCBuildConfiguration;
			buildSettings = {
				ALWAYS_SEARCH_USER_PATHS = NO;
				CLANG_ANALYZER_NONNULL = YES;
				CLANG_ANALYZER_NUMBER_OBJECT_CONVERSION = YES_AGGRESSIVE;
				CLANG_CXX_LANGUAGE_STANDARD = "gnu++20";
				CLANG_ENABLE_MODULES = YES;
				CLANG_ENABLE_OBJC_ARC = YES;
				CLANG_ENABLE_OBJC_WEAK = YES;
				CLANG_WARN_BLOCK_CAPTURE_AUTORELEASING = YES;
				CLANG_WARN_BOOL_CONVERSION = YES;
				CLANG_WARN_COMMA = YES;
				CLANG_WARN_CONSTANT_CONVERSION = YES;
				CLANG_WARN_DEPRECATED_OBJC_IMPLEMENTATIONS = YES;
				CLANG_WARN_DIRECT_OBJC_ISA_USAGE = YES_ERROR;
				CLANG_WARN_DOCUMENTATION_COMMENTS = YES;
				CLANG_WARN_EMPTY_BODY = YES;
				CLANG_WARN_ENUM_CONVERSION = YES;
				CLANG_WARN_INFINITE_RECURSION = YES;
				CLANG_WARN_INT_CONVERSION = YES;
				CLANG_WARN_NON_LITERAL_NULL_CONVERSION = YES;
				CLANG_WARN_OBJC_IMPLICIT_RETAIN_SELF = YES;
				CLANG_WARN_OBJC_LITERAL_CONVERSION = YES;
				CLANG_WARN_OBJC_ROOT_CLASS = YES_ERROR;
				CLANG_WARN_QUOTED_INCLUDE_IN_FRAMEWORK_HEADER = YES;
				CLANG_WARN_RANGE_LOOP_ANALYSIS = YES;
				CLANG_WARN_STRICT_PROTOTYPES = YES;
				CLANG_WARN_SUSPICIOUS_MOVE = YES;
				CLANG_WARN_UNGUARDED_AVAILABILITY = YES_AGGRESSIVE;
				CLANG_WARN_UNREACHABLE_CODE = YES;
				CLANG_WARN__DUPLICATE_METHOD_MATCH = YES;
				COPY_PHASE_STRIP = NO;
				DEBUG_INFORMATION_FORMAT = "dwarf-with-dsym";
				ENABLE_NS_ASSERTIONS = NO;
				ENABLE_STRICT_OBJC_MSGSEND = YES;
				GCC_C_LANGUAGE_STANDARD = gnu11;
				GCC_NO_COMMON_BLOCKS = YES;
				GCC_WARN_64_TO_32_BIT_CONVERSION = YES;
				GCC_WARN_ABOUT_RETURN_TYPE = YES_ERROR;
				GCC_WARN_UNDECLARED_SELECTOR = YES;
				GCC_WARN_UNINITIALIZED_AUTOS = YES_AGGRESSIVE;
				GCC_WARN_UNUSED_FUNCTION = YES;
				GCC_WARN_UNUSED_VARIABLE = YES;
				IPHONEOS_DEPLOYMENT_TARGET = 16.2;
				MTL_ENABLE_DEBUG_INFO = NO;
				MTL_FAST_MATH = YES;
				SDKROOT = iphoneos;
				SWIFT_COMPILATION_MODE = wholemodule;
				SWIFT_OPTIMIZATION_LEVEL = "-O";
				VALIDATE_PRODUCT = YES;
			};
			name = Release;
		};
		7EA7405F29CB4A260057D905 /* Debug */ = {
			isa = XCBuildConfiguration;
			baseConfigurationReference = 4F987ADF775C856473AFEC1E /* Pods-KSCCM_ACCC2023.debug.xcconfig */;
			buildSettings = {
				ASSETCATALOG_COMPILER_APPICON_NAME = AppIcon;
				ASSETCATALOG_COMPILER_GLOBAL_ACCENT_COLOR_NAME = AccentColor;
				CODE_SIGN_ENTITLEMENTS = KSCCM_ACCC2023/KSCCM_ACCC2023.entitlements;
				CODE_SIGN_STYLE = Automatic;
				CURRENT_PROJECT_VERSION = 1;
				DEVELOPMENT_TEAM = 85JQMF8YT8;
				GENERATE_INFOPLIST_FILE = YES;
				INFOPLIST_FILE = KSCCM_ACCC2023/Info.plist;
				INFOPLIST_KEY_CFBundleDisplayName = ACCC2023;
				INFOPLIST_KEY_NSCameraUsageDescription = "Need access Camera for photo upload.";
				INFOPLIST_KEY_NSPhotoLibraryAddUsageDescription = "Need access Album for photo download.";
				INFOPLIST_KEY_NSPhotoLibraryUsageDescription = "Need access Album for photo upload.";
				INFOPLIST_KEY_UIApplicationSupportsIndirectInputEvents = YES;
				INFOPLIST_KEY_UILaunchStoryboardName = LaunchScreen;
				INFOPLIST_KEY_UIMainStoryboardFile = Main;
				INFOPLIST_KEY_UIStatusBarHidden = YES;
				INFOPLIST_KEY_UISupportedInterfaceOrientations = "UIInterfaceOrientationLandscapeLeft UIInterfaceOrientationLandscapeRight UIInterfaceOrientationPortrait";
				INFOPLIST_KEY_UISupportedInterfaceOrientations_iPad = "UIInterfaceOrientationLandscapeLeft UIInterfaceOrientationLandscapeRight UIInterfaceOrientationPortrait UIInterfaceOrientationPortraitUpsideDown";
				IPHONEOS_DEPLOYMENT_TARGET = 11;
				LD_RUNPATH_SEARCH_PATHS = (
					"$(inherited)",
					"@executable_path/Frameworks",
				);
				MARKETING_VERSION = 1.0;
				PRODUCT_BUNDLE_IDENTIFIER = "ent.m2community.KSCCM-ACCC2023";
				PRODUCT_NAME = "$(TARGET_NAME)";
				SUPPORTED_PLATFORMS = "iphoneos iphonesimulator";
				SUPPORTS_MACCATALYST = NO;
				SUPPORTS_MAC_DESIGNED_FOR_IPHONE_IPAD = YES;
				SWIFT_EMIT_LOC_STRINGS = YES;
				SWIFT_VERSION = 5.0;
				TARGETED_DEVICE_FAMILY = 1;
			};
			name = Debug;
		};
		7EA7406029CB4A260057D905 /* Release */ = {
			isa = XCBuildConfiguration;
			baseConfigurationReference = C7750B65385FA16395471510 /* Pods-KSCCM_ACCC2023.release.xcconfig */;
			buildSettings = {
				ASSETCATALOG_COMPILER_APPICON_NAME = AppIcon;
				ASSETCATALOG_COMPILER_GLOBAL_ACCENT_COLOR_NAME = AccentColor;
				CODE_SIGN_ENTITLEMENTS = KSCCM_ACCC2023/KSCCM_ACCC2023.entitlements;
				CODE_SIGN_STYLE = Automatic;
				CURRENT_PROJECT_VERSION = 1;
				DEVELOPMENT_TEAM = 85JQMF8YT8;
				GENERATE_INFOPLIST_FILE = YES;
				INFOPLIST_FILE = KSCCM_ACCC2023/Info.plist;
				INFOPLIST_KEY_CFBundleDisplayName = ACCC2023;
				INFOPLIST_KEY_NSCameraUsageDescription = "Need access Camera for photo upload.";
				INFOPLIST_KEY_NSPhotoLibraryAddUsageDescription = "Need access Album for photo download.";
				INFOPLIST_KEY_NSPhotoLibraryUsageDescription = "Need access Album for photo upload.";
				INFOPLIST_KEY_UIApplicationSupportsIndirectInputEvents = YES;
				INFOPLIST_KEY_UILaunchStoryboardName = LaunchScreen;
				INFOPLIST_KEY_UIMainStoryboardFile = Main;
				INFOPLIST_KEY_UIStatusBarHidden = YES;
				INFOPLIST_KEY_UISupportedInterfaceOrientations = "UIInterfaceOrientationLandscapeLeft UIInterfaceOrientationLandscapeRight UIInterfaceOrientationPortrait";
				INFOPLIST_KEY_UISupportedInterfaceOrientations_iPad = "UIInterfaceOrientationLandscapeLeft UIInterfaceOrientationLandscapeRight UIInterfaceOrientationPortrait UIInterfaceOrientationPortraitUpsideDown";
				IPHONEOS_DEPLOYMENT_TARGET = 11;
				LD_RUNPATH_SEARCH_PATHS = (
					"$(inherited)",
					"@executable_path/Frameworks",
				);
				MARKETING_VERSION = 1.0;
				PRODUCT_BUNDLE_IDENTIFIER = "ent.m2community.KSCCM-ACCC2023";
				PRODUCT_NAME = "$(TARGET_NAME)";
				SUPPORTED_PLATFORMS = "iphoneos iphonesimulator";
				SUPPORTS_MACCATALYST = NO;
				SUPPORTS_MAC_DESIGNED_FOR_IPHONE_IPAD = YES;
				SWIFT_EMIT_LOC_STRINGS = YES;
				SWIFT_VERSION = 5.0;
				TARGETED_DEVICE_FAMILY = 1;
			};
			name = Release;
		};
/* End XCBuildConfiguration section */

/* Begin XCConfigurationList section */
		7EA7404529CB4A230057D905 /* Build configuration list for PBXProject "KSCCM_ACCC2023" */ = {
			isa = XCConfigurationList;
			buildConfigurations = (
				7EA7405C29CB4A260057D905 /* Debug */,
				7EA7405D29CB4A260057D905 /* Release */,
			);
			defaultConfigurationIsVisible = 0;
			defaultConfigurationName = Release;
		};
		7EA7405E29CB4A260057D905 /* Build configuration list for PBXNativeTarget "KSCCM_ACCC2023" */ = {
			isa = XCConfigurationList;
			buildConfigurations = (
				7EA7405F29CB4A260057D905 /* Debug */,
				7EA7406029CB4A260057D905 /* Release */,
			);
			defaultConfigurationIsVisible = 0;
			defaultConfigurationName = Release;
		};
/* End XCConfigurationList section */
	};
	rootObject = 7EA7404229CB4A230057D905 /* Project object */;
}
